
Microsoft Visual Studio Solution File, Format Version 12.00
# Visual Studio Version 17
VisualStudioVersion = 17.5.33627.172
MinimumVisualStudioVersion = 10.0.40219.1
Project("{2150E333-8FDC-42A3-9474-1A3956D46DE8}") = "src", "src", "{1F5E9681-DE76-44A8-B2B5-41B6EDD1C66B}"
EndProject
Project("{2150E333-8FDC-42A3-9474-1A3956D46DE8}") = "test", "test", "{64058053-A29B-484B-B51D-7FB581F8362E}"
EndProject
Project("{2150E333-8FDC-42A3-9474-1A3956D46DE8}") = "API", "API", "{CA17B99B-7873-4E2E-B166-A0A373ABADC7}"
EndProject
Project("{2150E333-8FDC-42A3-9474-1A3956D46DE8}") = "Core", "Core", "{24B3E38A-4819-4BD4-8CDF-7857E870A952}"
EndProject
Project("{2150E333-8FDC-42A3-9474-1A3956D46DE8}") = "Infrastructure", "Infrastructure", "{215B877C-895C-46B6-AC13-15708683045A}"
EndProject
Project("{2150E333-8FDC-42A3-9474-1A3956D46DE8}") = "UI", "UI", "{BB77BF13-9D17-4C39-98A1-6950BF28C398}"
EndProject
Project("{9A19103F-16F7-4668-BE54-9A1E7A4F7556}") = "Gamax.Api", "Gamax.Api\Gamax.Api.csproj", "{DDB9FFA2-B599-455A-9F63-95923055C0AD}"
EndProject
Project("{9A19103F-16F7-4668-BE54-9A1E7A4F7556}") = "Gamax.Application", "Gamax.Application\Gamax.Application.csproj", "{BA16CB95-BF1D-458A-83B0-D74FC5280A6A}"
EndProject
Project("{9A19103F-16F7-4668-BE54-9A1E7A4F7556}") = "Gamax.Domain", "Gamax.Domain\Gamax.Domain.csproj", "{3722BF72-635E-4269-9641-93894908F270}"
EndProject
Project("{9A19103F-16F7-4668-BE54-9A1E7A4F7556}") = "Gamax.Infrastucture", "Gamax.Infrastucture\Gamax.Infrastucture.csproj", "{D1100E60-FD3D-405A-A386-371913009FE5}"
EndProject
Project("{9A19103F-16F7-4668-BE54-9A1E7A4F7556}") = "Gamax.Persistence", "Gamax.Persistence\Gamax.Persistence.csproj", "{7560AB10-E42A-47B7-8AF8-2E21F3DF8AC4}"
EndProject
Project("{54A90642-561A-4BB1-A94E-469ADEE60C69}") = "Gamax.Angular", "Gamax.Angular\Gamax.Angular.esproj", "{DB9FFA8A-1942-437C-B7B6-63B74BC9A921}"
EndProject
Project("{9A19103F-16F7-4668-BE54-9A1E7A4F7556}") = "Gamax.Identity", "Gamax.Identity\Gamax.Identity.csproj", "{7ACFC634-6E32-4FBD-B546-9CCB11E1C093}"
EndProject
Project("{FAE04EC0-301F-11D3-BF4B-00C04F79EFBC}") = "Gamax.UnitTest", "Gamax.UnitTest\Gamax.UnitTest.csproj", "{D8322885-FD9F-4E92-8E96-5A9F14CD30CA}"
EndProject
Global
	GlobalSection(SolutionConfigurationPlatforms) = preSolution
		Debug|Any CPU = Debug|Any CPU
		Release|Any CPU = Release|Any CPU
	EndGlobalSection
	GlobalSection(ProjectConfigurationPlatforms) = postSolution
		{DDB9FFA2-B599-455A-9F63-95923055C0AD}.Debug|Any CPU.ActiveCfg = Debug|Any CPU
		{DDB9FFA2-B599-455A-9F63-95923055C0AD}.Debug|Any CPU.Build.0 = Debug|Any CPU
		{DDB9FFA2-B599-455A-9F63-95923055C0AD}.Release|Any CPU.ActiveCfg = Release|Any CPU
		{DDB9FFA2-B599-455A-9F63-95923055C0AD}.Release|Any CPU.Build.0 = Release|Any CPU
		{BA16CB95-BF1D-458A-83B0-D74FC5280A6A}.Debug|Any CPU.ActiveCfg = Debug|Any CPU
		{BA16CB95-BF1D-458A-83B0-D74FC5280A6A}.Debug|Any CPU.Build.0 = Debug|Any CPU
		{BA16CB95-BF1D-458A-83B0-D74FC5280A6A}.Release|Any CPU.ActiveCfg = Release|Any CPU
		{BA16CB95-BF1D-458A-83B0-D74FC5280A6A}.Release|Any CPU.Build.0 = Release|Any CPU
		{3722BF72-635E-4269-9641-93894908F270}.Debug|Any CPU.ActiveCfg = Debug|Any CPU
		{3722BF72-635E-4269-9641-93894908F270}.Debug|Any CPU.Build.0 = Debug|Any CPU
		{3722BF72-635E-4269-9641-93894908F270}.Release|Any CPU.ActiveCfg = Release|Any CPU
		{3722BF72-635E-4269-9641-93894908F270}.Release|Any CPU.Build.0 = Release|Any CPU
		{D1100E60-FD3D-405A-A386-371913009FE5}.Debug|Any CPU.ActiveCfg = Debug|Any CPU
		{D1100E60-FD3D-405A-A386-371913009FE5}.Debug|Any CPU.Build.0 = Debug|Any CPU
		{D1100E60-FD3D-405A-A386-371913009FE5}.Release|Any CPU.ActiveCfg = Release|Any CPU
		{D1100E60-FD3D-405A-A386-371913009FE5}.Release|Any CPU.Build.0 = Release|Any CPU
		{7560AB10-E42A-47B7-8AF8-2E21F3DF8AC4}.Debug|Any CPU.ActiveCfg = Debug|Any CPU
		{7560AB10-E42A-47B7-8AF8-2E21F3DF8AC4}.Debug|Any CPU.Build.0 = Debug|Any CPU
		{7560AB10-E42A-47B7-8AF8-2E21F3DF8AC4}.Release|Any CPU.ActiveCfg = Release|Any CPU
		{7560AB10-E42A-47B7-8AF8-2E21F3DF8AC4}.Release|Any CPU.Build.0 = Release|Any CPU
		{DB9FFA8A-1942-437C-B7B6-63B74BC9A921}.Debug|Any CPU.ActiveCfg = Debug|Any CPU
		{DB9FFA8A-1942-437C-B7B6-63B74BC9A921}.Debug|Any CPU.Build.0 = Debug|Any CPU
		{DB9FFA8A-1942-437C-B7B6-63B74BC9A921}.Debug|Any CPU.Deploy.0 = Debug|Any CPU
		{DB9FFA8A-1942-437C-B7B6-63B74BC9A921}.Release|Any CPU.ActiveCfg = Release|Any CPU
		{DB9FFA8A-1942-437C-B7B6-63B74BC9A921}.Release|Any CPU.Build.0 = Release|Any CPU
		{DB9FFA8A-1942-437C-B7B6-63B74BC9A921}.Release|Any CPU.Deploy.0 = Release|Any CPU
		{7ACFC634-6E32-4FBD-B546-9CCB11E1C093}.Debug|Any CPU.ActiveCfg = Debug|Any CPU
		{7ACFC634-6E32-4FBD-B546-9CCB11E1C093}.Debug|Any CPU.Build.0 = Debug|Any CPU
		{7ACFC634-6E32-4FBD-B546-9CCB11E1C093}.Release|Any CPU.ActiveCfg = Release|Any CPU
		{7ACFC634-6E32-4FBD-B546-9CCB11E1C093}.Release|Any CPU.Build.0 = Release|Any CPU
		{D8322885-FD9F-4E92-8E96-5A9F14CD30CA}.Debug|Any CPU.ActiveCfg = Debug|Any CPU
		{D8322885-FD9F-4E92-8E96-5A9F14CD30CA}.Debug|Any CPU.Build.0 = Debug|Any CPU
		{D8322885-FD9F-4E92-8E96-5A9F14CD30CA}.Release|Any CPU.ActiveCfg = Release|Any CPU
		{D8322885-FD9F-4E92-8E96-5A9F14CD30CA}.Release|Any CPU.Build.0 = Release|Any CPU
	EndGlobalSection
	GlobalSection(SolutionProperties) = preSolution
		HideSolutionNode = FALSE
	EndGlobalSection
	GlobalSection(NestedProjects) = preSolution
		{CA17B99B-7873-4E2E-B166-A0A373ABADC7} = {1F5E9681-DE76-44A8-B2B5-41B6EDD1C66B}
		{24B3E38A-4819-4BD4-8CDF-7857E870A952} = {1F5E9681-DE76-44A8-B2B5-41B6EDD1C66B}
		{215B877C-895C-46B6-AC13-15708683045A} = {1F5E9681-DE76-44A8-B2B5-41B6EDD1C66B}
		{BB77BF13-9D17-4C39-98A1-6950BF28C398} = {1F5E9681-DE76-44A8-B2B5-41B6EDD1C66B}
		{DDB9FFA2-B599-455A-9F63-95923055C0AD} = {CA17B99B-7873-4E2E-B166-A0A373ABADC7}
		{BA16CB95-BF1D-458A-83B0-D74FC5280A6A} = {24B3E38A-4819-4BD4-8CDF-7857E870A952}
		{3722BF72-635E-4269-9641-93894908F270} = {24B3E38A-4819-4BD4-8CDF-7857E870A952}
		{D1100E60-FD3D-405A-A386-371913009FE5} = {215B877C-895C-46B6-AC13-15708683045A}
		{7560AB10-E42A-47B7-8AF8-2E21F3DF8AC4} = {215B877C-895C-46B6-AC13-15708683045A}
		{DB9FFA8A-1942-437C-B7B6-63B74BC9A921} = {BB77BF13-9D17-4C39-98A1-6950BF28C398}
		{7ACFC634-6E32-4FBD-B546-9CCB11E1C093} = {215B877C-895C-46B6-AC13-15708683045A}
		{D8322885-FD9F-4E92-8E96-5A9F14CD30CA} = {64058053-A29B-484B-B51D-7FB581F8362E}
	EndGlobalSection
	GlobalSection(ExtensibilityGlobals) = postSolution
		SolutionGuid = {73F880D4-77D5-46E8-97ED-90E4DFA2C228}
	EndGlobalSection
EndGlobal
